{
  "name": "map-reduce-filter-tutorial",
  "version": "1.0.0",
  "lockfileVersion": 1,
  "requires": true,
  "dependencies": {
    "fast-check": {
      "version": "2.1.0",
      "resolved": "https://registry.npmjs.org/fast-check/-/fast-check-2.1.0.tgz",
      "integrity": "sha512-aZe06whLv1ZNFM1rn8mGL3+wf0PQpZyySQ81+O0L3APiLNzCi2PtJqeohn5Xab1yAxF3Vhzf5AvKzPispGd0tQ==",
      "dev": true,
      "requires": {
        "pure-rand": "^3.0.0"
      }
    },
    "pure-rand": {
      "version": "3.1.0",
      "resolved": "https://registry.npmjs.org/pure-rand/-/pure-rand-3.1.0.tgz",
      "integrity": "sha512-xkCSMNjEnLG/A8iTH9M5ayXN4SCWRP+ih3rxi09Q7Fu0b9jAP6V9H59pOtcB37IsVt3eHxf1FMy9n7YrqdDdSA==",
      "dev": true
    }
  }
}
